
Microsoft Visual Studio Solution File, Format Version 15.00
Project("{FAE04EC0-301F-11D3-BF4B-00C04F79EFBC}") = "TestApp.Web", "TestApp.Web\TestApp.Web.csproj", "{046E9DA1-BA64-4F89-A61C-F81F44F99908}"
EndProject
Project("{FAE04EC0-301F-11D3-BF4B-00C04F79EFBC}") = "TestApp.Data", "TestApp.Data\TestApp.Data.csproj", "{26C43847-7F87-427B-ACD2-341412B2EC12}"
EndProject
Project("{FAE04EC0-301F-11D3-BF4B-00C04F79EFBC}") = "TestApp.Business", "TestApp.Business\TestApp.Business.csproj", "{C6430BF3-18CA-4B6B-AFA5-A03830045B8F}"
EndProject
Project("{FAE04EC0-301F-11D3-BF4B-00C04F79EFBC}") = "TestApp.Core", "TestApp.Core\TestApp.Core.csproj", "{F7979A28-394D-46E7-9B69-A99CD6A69876}"
EndProject
Project("{FAE04EC0-301F-11D3-BF4B-00C04F79EFBC}") = "TestApp.Business.Tests", "TestApp.Business.Tests\TestApp.Business.Tests.csproj", "{0EC6BF8F-B0F0-48FA-921E-C9DFD7088D85}"
EndProject
Global
	GlobalSection(SolutionConfigurationPlatforms) = preSolution
		Debug|Any CPU = Debug|Any CPU
		Release|Any CPU = Release|Any CPU
	EndGlobalSection
	GlobalSection(ProjectConfigurationPlatforms) = postSolution
		{046E9DA1-BA64-4F89-A61C-F81F44F99908}.Debug|Any CPU.ActiveCfg = Debug|Any CPU
		{046E9DA1-BA64-4F89-A61C-F81F44F99908}.Debug|Any CPU.Build.0 = Debug|Any CPU
		{046E9DA1-BA64-4F89-A61C-F81F44F99908}.Release|Any CPU.ActiveCfg = Release|Any CPU
		{046E9DA1-BA64-4F89-A61C-F81F44F99908}.Release|Any CPU.Build.0 = Release|Any CPU
		{26C43847-7F87-427B-ACD2-341412B2EC12}.Debug|Any CPU.ActiveCfg = Debug|Any CPU
		{26C43847-7F87-427B-ACD2-341412B2EC12}.Debug|Any CPU.Build.0 = Debug|Any CPU
		{26C43847-7F87-427B-ACD2-341412B2EC12}.Release|Any CPU.ActiveCfg = Release|Any CPU
		{26C43847-7F87-427B-ACD2-341412B2EC12}.Release|Any CPU.Build.0 = Release|Any CPU
		{C6430BF3-18CA-4B6B-AFA5-A03830045B8F}.Debug|Any CPU.ActiveCfg = Debug|Any CPU
		{C6430BF3-18CA-4B6B-AFA5-A03830045B8F}.Debug|Any CPU.Build.0 = Debug|Any CPU
		{C6430BF3-18CA-4B6B-AFA5-A03830045B8F}.Release|Any CPU.ActiveCfg = Release|Any CPU
		{C6430BF3-18CA-4B6B-AFA5-A03830045B8F}.Release|Any CPU.Build.0 = Release|Any CPU
		{F7979A28-394D-46E7-9B69-A99CD6A69876}.Debug|Any CPU.ActiveCfg = Debug|Any CPU
		{F7979A28-394D-46E7-9B69-A99CD6A69876}.Debug|Any CPU.Build.0 = Debug|Any CPU
		{F7979A28-394D-46E7-9B69-A99CD6A69876}.Release|Any CPU.ActiveCfg = Release|Any CPU
		{F7979A28-394D-46E7-9B69-A99CD6A69876}.Release|Any CPU.Build.0 = Release|Any CPU
		{0EC6BF8F-B0F0-48FA-921E-C9DFD7088D85}.Debug|Any CPU.ActiveCfg = Debug|Any CPU
		{0EC6BF8F-B0F0-48FA-921E-C9DFD7088D85}.Debug|Any CPU.Build.0 = Debug|Any CPU
		{0EC6BF8F-B0F0-48FA-921E-C9DFD7088D85}.Release|Any CPU.ActiveCfg = Release|Any CPU
		{0EC6BF8F-B0F0-48FA-921E-C9DFD7088D85}.Release|Any CPU.Build.0 = Release|Any CPU
	EndGlobalSection
EndGlobal
